
Microsoft Visual Studio Solution File, Format Version 12.00
# Visual Studio Version 17
VisualStudioVersion = 17.0.31903.59
MinimumVisualStudioVersion = 10.0.40219.1
Project("{2150E333-8FDC-42A3-9474-1A3956D46DE8}") = "src", "src", "{5CC775FA-2EFE-44DB-B887-B038A403F296}"
EndProject
Project("{F2A71F9B-5D33-465A-A702-920D77279786}") = "App", "src\App\App.fsproj", "{ADF33293-3CFD-4EC3-8DF8-254F0F50CFFC}"
EndProject
Project("{F2A71F9B-5D33-465A-A702-920D77279786}") = "Sutil", "src\Sutil\Sutil.fsproj", "{E8BF0793-F82A-495E-96BB-41E1CDE00DB4}"
EndProject
Project("{2150E333-8FDC-42A3-9474-1A3956D46DE8}") = "tests", "tests", "{8798D3BF-2D4A-4790-A5E2-11917B3D097B}"
EndProject
Project("{F2A71F9B-5D33-465A-A702-920D77279786}") = "Tests", "tests\test\Tests.fsproj", "{B95CEA9E-AFB6-40CA-9072-64BA68AA86C7}"
EndProject
Project("{F2A71F9B-5D33-465A-A702-920D77279786}") = "Sutil.Html", "src\Sutil.Html\Sutil.Html.fsproj", "{886FA771-36A1-4C8B-B435-38264B8D7521}"
EndProject
Global
	GlobalSection(SolutionConfigurationPlatforms) = preSolution
		Debug|Any CPU = Debug|Any CPU
		Release|Any CPU = Release|Any CPU
	EndGlobalSection
	GlobalSection(SolutionProperties) = preSolution
		HideSolutionNode = FALSE
	EndGlobalSection
	GlobalSection(ProjectConfigurationPlatforms) = postSolution
		{ADF33293-3CFD-4EC3-8DF8-254F0F50CFFC}.Debug|Any CPU.ActiveCfg = Debug|Any CPU
		{ADF33293-3CFD-4EC3-8DF8-254F0F50CFFC}.Debug|Any CPU.Build.0 = Debug|Any CPU
		{ADF33293-3CFD-4EC3-8DF8-254F0F50CFFC}.Release|Any CPU.ActiveCfg = Release|Any CPU
		{ADF33293-3CFD-4EC3-8DF8-254F0F50CFFC}.Release|Any CPU.Build.0 = Release|Any CPU
		{E8BF0793-F82A-495E-96BB-41E1CDE00DB4}.Debug|Any CPU.ActiveCfg = Debug|Any CPU
		{E8BF0793-F82A-495E-96BB-41E1CDE00DB4}.Debug|Any CPU.Build.0 = Debug|Any CPU
		{E8BF0793-F82A-495E-96BB-41E1CDE00DB4}.Release|Any CPU.ActiveCfg = Release|Any CPU
		{E8BF0793-F82A-495E-96BB-41E1CDE00DB4}.Release|Any CPU.Build.0 = Release|Any CPU
		{B95CEA9E-AFB6-40CA-9072-64BA68AA86C7}.Debug|Any CPU.ActiveCfg = Debug|Any CPU
		{B95CEA9E-AFB6-40CA-9072-64BA68AA86C7}.Debug|Any CPU.Build.0 = Debug|Any CPU
		{B95CEA9E-AFB6-40CA-9072-64BA68AA86C7}.Release|Any CPU.ActiveCfg = Release|Any CPU
		{B95CEA9E-AFB6-40CA-9072-64BA68AA86C7}.Release|Any CPU.Build.0 = Release|Any CPU
		{886FA771-36A1-4C8B-B435-38264B8D7521}.Debug|Any CPU.ActiveCfg = Debug|Any CPU
		{886FA771-36A1-4C8B-B435-38264B8D7521}.Debug|Any CPU.Build.0 = Debug|Any CPU
		{886FA771-36A1-4C8B-B435-38264B8D7521}.Release|Any CPU.ActiveCfg = Release|Any CPU
		{886FA771-36A1-4C8B-B435-38264B8D7521}.Release|Any CPU.Build.0 = Release|Any CPU
	EndGlobalSection
	GlobalSection(NestedProjects) = preSolution
		{ADF33293-3CFD-4EC3-8DF8-254F0F50CFFC} = {5CC775FA-2EFE-44DB-B887-B038A403F296}
		{E8BF0793-F82A-495E-96BB-41E1CDE00DB4} = {5CC775FA-2EFE-44DB-B887-B038A403F296}
		{B95CEA9E-AFB6-40CA-9072-64BA68AA86C7} = {8798D3BF-2D4A-4790-A5E2-11917B3D097B}
		{886FA771-36A1-4C8B-B435-38264B8D7521} = {5CC775FA-2EFE-44DB-B887-B038A403F296}
	EndGlobalSection
EndGlobal
