
Microsoft Visual Studio Solution File, Format Version 12.00
# Visual Studio Version 17
VisualStudioVersion = 17.0.31903.59
MinimumVisualStudioVersion = 10.0.40219.1
Project("{2150E333-8FDC-42A3-9474-1A3956D46DE8}") = "src", "src", "{5CC775FA-2EFE-44DB-B887-B038A403F296}"
EndProject
Project("{F2A71F9B-5D33-465A-A702-920D77279786}") = "App", "src\App\App.fsproj", "{ADF33293-3CFD-4EC3-8DF8-254F0F50CFFC}"
EndProject
Global
	GlobalSection(SolutionConfigurationPlatforms) = preSolution
		Debug|Any CPU = Debug|Any CPU
		Release|Any CPU = Release|Any CPU
	EndGlobalSection
	GlobalSection(SolutionProperties) = preSolution
		HideSolutionNode = FALSE
	EndGlobalSection
	GlobalSection(ProjectConfigurationPlatforms) = postSolution
		{ADF33293-3CFD-4EC3-8DF8-254F0F50CFFC}.Debug|Any CPU.ActiveCfg = Debug|Any CPU
		{ADF33293-3CFD-4EC3-8DF8-254F0F50CFFC}.Debug|Any CPU.Build.0 = Debug|Any CPU
		{ADF33293-3CFD-4EC3-8DF8-254F0F50CFFC}.Release|Any CPU.ActiveCfg = Release|Any CPU
		{ADF33293-3CFD-4EC3-8DF8-254F0F50CFFC}.Release|Any CPU.Build.0 = Release|Any CPU
	EndGlobalSection
	GlobalSection(NestedProjects) = preSolution
		{ADF33293-3CFD-4EC3-8DF8-254F0F50CFFC} = {5CC775FA-2EFE-44DB-B887-B038A403F296}
	EndGlobalSection
EndGlobal
